Microsoft Visual Studio Solution File, Format Version 12.00
# Visual Studio 15
VisualStudioVersion = 15.0.28010.2036
MinimumVisualStudioVersion = 10.0.40219.1
Project("{8BC9CEB8-8B4A-11D0-8D11-00A0C91BC942}") = "SARibbonBar", "src\SARibbonBar\SARibbonBar.vcxproj", "{603DAFEA-AC7C-3CD1-82A7-57850E0D288E}"
EndProject
Project("{8BC9CEB8-8B4A-11D0-8D11-00A0C91BC942}") = "SARibbonMainWindowExample", "src\example\MainWindowExample\SARibbonMainWindowExample.vcxproj", "{A114C50E-C683-3E91-A109-B9D608BBDF09}"
	ProjectSection(ProjectDependencies) = postProject
		{603DAFEA-AC7C-3CD1-82A7-57850E0D288E} = {603DAFEA-AC7C-3CD1-82A7-57850E0D288E}
	EndProjectSection
EndProject
Global
	GlobalSection(SolutionConfigurationPlatforms) = preSolution
		Debug|x64 = Debug|x64
		Release|x64 = Release|x64
	EndGlobalSection
	GlobalSection(ProjectConfigurationPlatforms) = postSolution
		{603DAFEA-AC7C-3CD1-82A7-57850E0D288E}.Debug|x64.ActiveCfg = Debug|x64
		{603DAFEA-AC7C-3CD1-82A7-57850E0D288E}.Debug|x64.Build.0 = Debug|x64
		{603DAFEA-AC7C-3CD1-82A7-57850E0D288E}.Release|x64.ActiveCfg = Release|x64
		{603DAFEA-AC7C-3CD1-82A7-57850E0D288E}.Release|x64.Build.0 = Release|x64
		{A114C50E-C683-3E91-A109-B9D608BBDF09}.Debug|x64.ActiveCfg = Debug|x64
		{A114C50E-C683-3E91-A109-B9D608BBDF09}.Debug|x64.Build.0 = Debug|x64
		{A114C50E-C683-3E91-A109-B9D608BBDF09}.Release|x64.ActiveCfg = Release|x64
		{A114C50E-C683-3E91-A109-B9D608BBDF09}.Release|x64.Build.0 = Release|x64
	EndGlobalSection
	GlobalSection(SolutionProperties) = preSolution
		HideSolutionNode = FALSE
	EndGlobalSection
	GlobalSection(ExtensibilityGlobals) = postSolution
		Qt5Version = msvc2017_64
		SolutionGuid = {E733ADE0-B4F4-4E9E-8AA0-7A21BB2E9DD8}
	EndGlobalSection
EndGlobal
